Microsoft Visual Studio Solution File, Format Version 10.00
# Visual Studio 2008
Project("{8BC9CEB8-8B4A-11D0-8D11-00A0C91BC942}") = "dllhookapi", "dllhookapi.vcproj", "{89E3A245-6E0C-44C4-AA97-F6334EB20CEA}"
EndProject
Global
	GlobalSection(SolutionConfigurationPlatforms) = preSolution
		Debug|Win32 = Debug|Win32
		Release|Win32 = Release|Win32
	EndGlobalSection
	GlobalSection(ProjectConfigurationPlatforms) = postSolution
		{89E3A245-6E0C-44C4-AA97-F6334EB20CEA}.Debug|Win32.ActiveCfg = Debug|Win32
		{89E3A245-6E0C-44C4-AA97-F6334EB20CEA}.Debug|Win32.Build.0 = Debug|Win32
		{89E3A245-6E0C-44C4-AA97-F6334EB20CEA}.Release|Win32.ActiveCfg = Release|Win32
		{89E3A245-6E0C-44C4-AA97-F6334EB20CEA}.Release|Win32.Build.0 = Release|Win32
	EndGlobalSection
	GlobalSection(SolutionProperties) = preSolution
		HideSolutionNode = FALSE
	EndGlobalSection
EndGlobal
